# @generated by Move, please check-in and do not edit manually.

[move]
version = 3
manifest_digest = "CCC0ABC152B1609ACF1ED037C6A8AB08068653CF772D44182BAA8D9C8F87E57A"
deps_digest = "F8BBB0CCB2491CA29A3DF03D6F92277A4F3574266507ACD77214D37ECA3F3082"
dependencies = [
  { id = "One", name = "One" },
]

[[move.package]]
id = "MoveStdlib"
source = { git = "https://github.com/one-chain-labs/onechain.git", rev = "main", subdir = "crates\\sui-framework\\packages\\move-stdlib" }

[[move.package]]
id = "One"
source = { git = "https://github.com/one-chain-labs/onechain.git", rev = "main", subdir = "crates/sui-framework/packages/one-framework" }

dependencies = [
  { id = "MoveStdlib", name = "MoveStdlib" },
]

[move.toolchain-version]
compiler-version = "1.0.1"
edition = "2024.beta"
flavor = "one"

[env]

[env.testnet]
chain-id = "1bd5c965"
original-published-id = "0x51567ffcf7f018d259a5f2f1e5483206224f45b25e1757094e49dd02a78d0659"
latest-published-id = "0x51567ffcf7f018d259a5f2f1e5483206224f45b25e1757094e49dd02a78d0659"
published-version = "1"
